
Microsoft Visual Studio Solution File, Format Version 12.00
# Visual Studio Version 16
VisualStudioVersion = 16.0.29613.14
MinimumVisualStudioVersion = 10.0.40219.1
Project("{F184B08F-C81C-45F6-A57F-5ABD9991F28F}") = "CA_Soma_Inteiros", "CA_Soma_Inteiros\CA_Soma_Inteiros.vbproj", "{432D3EB4-6F20-4E3D-9A4C-C3E0640CFF81}"
EndProject
Global
	GlobalSection(SolutionConfigurationPlatforms) = preSolution
		Debug|Any CPU = Debug|Any CPU
		Release|Any CPU = Release|Any CPU
	EndGlobalSection
	GlobalSection(ProjectConfigurationPlatforms) = postSolution
		{432D3EB4-6F20-4E3D-9A4C-C3E0640CFF81}.Debug|Any CPU.ActiveCfg = Debug|Any CPU
		{432D3EB4-6F20-4E3D-9A4C-C3E0640CFF81}.Debug|Any CPU.Build.0 = Debug|Any CPU
		{432D3EB4-6F20-4E3D-9A4C-C3E0640CFF81}.Release|Any CPU.ActiveCfg = Release|Any CPU
		{432D3EB4-6F20-4E3D-9A4C-C3E0640CFF81}.Release|Any CPU.Build.0 = Release|Any CPU
	EndGlobalSection
	GlobalSection(SolutionProperties) = preSolution
		HideSolutionNode = FALSE
	EndGlobalSection
	GlobalSection(ExtensibilityGlobals) = postSolution
		SolutionGuid = {C25A38E1-C154-4BAA-BBE4-2AE69A2A0D7E}
	EndGlobalSection
EndGlobal
