
Microsoft Visual Studio Solution File, Format Version 12.00
# Visual Studio Version 16
VisualStudioVersion = 16.0.29613.14
MinimumVisualStudioVersion = 10.0.40219.1
Project("{F184B08F-C81C-45F6-A57F-5ABD9991F28F}") = "Programa_Temperatura", "Programa_Temperatura\Programa_Temperatura.vbproj", "{EFBE8DAB-0CC6-42E6-A842-FA611CA8BB91}"
EndProject
Global
	GlobalSection(SolutionConfigurationPlatforms) = preSolution
		Debug|Any CPU = Debug|Any CPU
		Release|Any CPU = Release|Any CPU
	EndGlobalSection
	GlobalSection(ProjectConfigurationPlatforms) = postSolution
		{EFBE8DAB-0CC6-42E6-A842-FA611CA8BB91}.Debug|Any CPU.ActiveCfg = Debug|Any CPU
		{EFBE8DAB-0CC6-42E6-A842-FA611CA8BB91}.Debug|Any CPU.Build.0 = Debug|Any CPU
		{EFBE8DAB-0CC6-42E6-A842-FA611CA8BB91}.Release|Any CPU.ActiveCfg = Release|Any CPU
		{EFBE8DAB-0CC6-42E6-A842-FA611CA8BB91}.Release|Any CPU.Build.0 = Release|Any CPU
	EndGlobalSection
	GlobalSection(SolutionProperties) = preSolution
		HideSolutionNode = FALSE
	EndGlobalSection
	GlobalSection(ExtensibilityGlobals) = postSolution
		SolutionGuid = {54844F79-8C51-4AEC-B20F-22D63A01A923}
	EndGlobalSection
EndGlobal
